
Microsoft Visual Studio Solution File, Format Version 12.00
# Visual Studio Version 17
VisualStudioVersion = 17.11.35312.102
MinimumVisualStudioVersion = 10.0.40219.1
Project("{FAE04EC0-301F-11D3-BF4B-00C04F79EFBC}") = "LibraryWebApi", "LibraryWebApi\LibraryWebApi.csproj", "{313B9B9C-D653-4779-BE81-6FCB448AADF7}"
EndProject
Project("{FAE04EC0-301F-11D3-BF4B-00C04F79EFBC}") = "Domain", "Domain\Domain.csproj", "{43F98563-0390-4089-A1D0-345D8AE94962}"
EndProject
Global
	GlobalSection(SolutionConfigurationPlatforms) = preSolution
		Debug|Any CPU = Debug|Any CPU
		Release|Any CPU = Release|Any CPU
	EndGlobalSection
	GlobalSection(ProjectConfigurationPlatforms) = postSolution
		{313B9B9C-D653-4779-BE81-6FCB448AADF7}.Debug|Any CPU.ActiveCfg = Debug|Any CPU
		{313B9B9C-D653-4779-BE81-6FCB448AADF7}.Debug|Any CPU.Build.0 = Debug|Any CPU
		{313B9B9C-D653-4779-BE81-6FCB448AADF7}.Release|Any CPU.ActiveCfg = Release|Any CPU
		{313B9B9C-D653-4779-BE81-6FCB448AADF7}.Release|Any CPU.Build.0 = Release|Any CPU
		{43F98563-0390-4089-A1D0-345D8AE94962}.Debug|Any CPU.ActiveCfg = Debug|Any CPU
		{43F98563-0390-4089-A1D0-345D8AE94962}.Debug|Any CPU.Build.0 = Debug|Any CPU
		{43F98563-0390-4089-A1D0-345D8AE94962}.Release|Any CPU.ActiveCfg = Release|Any CPU
		{43F98563-0390-4089-A1D0-345D8AE94962}.Release|Any CPU.Build.0 = Release|Any CPU
	EndGlobalSection
	GlobalSection(SolutionProperties) = preSolution
		HideSolutionNode = FALSE
	EndGlobalSection
	GlobalSection(ExtensibilityGlobals) = postSolution
		SolutionGuid = {5DEFC4CF-5BBA-478C-A88B-6295EEABBA9B}
	EndGlobalSection
EndGlobal
